// !$*UTF8*$!
{
	archiveVersion = 1;
	classes = {
	};
	objectVersion = 46;
	objects = {

/* Begin PBXBuildFile section */
		8A113E451AAE0894007A8263 /* FacebookSDK.framework in Frameworks */ = {isa = PBXBuildFile; fileRef = 8A113E441AAE0894007A8263 /* FacebookSDK.framework */; };
		8A113E4A1AAE0D4A007A8263 /* SWRevealViewController.m in Sources */ = {isa = PBXBuildFile; fileRef = 8A113E491AAE0D4A007A8263 /* SWRevealViewController.m */; };
		8A113E611AAE0D6B007A8263 /* menu.png in Resources */ = {isa = PBXBuildFile; fileRef = 8A113E511AAE0D6B007A8263 /* menu.png */; };
		8A113E621AAE0D6B007A8263 /* menu@2x.png in Resources */ = {isa = PBXBuildFile; fileRef = 8A113E521AAE0D6B007A8263 /* menu@2x.png */; };
		8A113E631AAE0D6B007A8263 /* nav_bg.png in Resources */ = {isa = PBXBuildFile; fileRef = 8A113E531AAE0D6B007A8263 /* nav_bg.png */; };
		8A113E641AAE0D6B007A8263 /* bookmark.png in Resources */ = {isa = PBXBuildFile; fileRef = 8A113E541AAE0D6B007A8263 /* bookmark.png */; };
		8A113E651AAE0D6B007A8263 /* calendar.png in Resources */ = {isa = PBXBuildFile; fileRef = 8A113E551AAE0D6B007A8263 /* calendar.png */; };
		8A113E661AAE0D6B007A8263 /* comments.png in Resources */ = {isa = PBXBuildFile; fileRef = 8A113E561AAE0D6B007A8263 /* comments.png */; };
		8A113E671AAE0D6B007A8263 /* map.png in Resources */ = {isa = PBXBuildFile; fileRef = 8A113E571AAE0D6B007A8263 /* map.png */; };
		8A113E681AAE0D6B007A8263 /* news.png in Resources */ = {isa = PBXBuildFile; fileRef = 8A113E581AAE0D6B007A8263 /* news.png */; };
		8A113E691AAE0D6B007A8263 /* photo.png in Resources */ = {isa = PBXBuildFile; fileRef = 8A113E591AAE0D6B007A8263 /* photo.png */; };
		8A113E6A1AAE0D6B007A8263 /* tag.png in Resources */ = {isa = PBXBuildFile; fileRef = 8A113E5A1AAE0D6B007A8263 /* tag.png */; };
		8A113E6B1AAE0D6B007A8263 /* wishlist.png in Resources */ = {isa = PBXBuildFile; fileRef = 8A113E5B1AAE0D6B007A8263 /* wishlist.png */; };
		8A113E751AAE0DE4007A8263 /* MainViewController.m in Sources */ = {isa = PBXBuildFile; fileRef = 8A113E6E1AAE0DE4007A8263 /* MainViewController.m */; };
		8A113E761AAE0DE4007A8263 /* SidebarViewController.m in Sources */ = {isa = PBXBuildFile; fileRef = 8A113E701AAE0DE4007A8263 /* SidebarViewController.m */; };
		8A113E771AAE0DE4007A8263 /* MapViewController.m in Sources */ = {isa = PBXBuildFile; fileRef = 8A113E721AAE0DE4007A8263 /* MapViewController.m */; };
		8A113E781AAE0DE4007A8263 /* PhotoViewController.m in Sources */ = {isa = PBXBuildFile; fileRef = 8A113E741AAE0DE4007A8263 /* PhotoViewController.m */; };
		8A113E7A1AAE1511007A8263 /* teamslaay.png in Resources */ = {isa = PBXBuildFile; fileRef = 8A113E791AAE1511007A8263 /* teamslaay.png */; };
		8A113E7C1AAE1753007A8263 /* 1.jpg in Resources */ = {isa = PBXBuildFile; fileRef = 8A113E7B1AAE1753007A8263 /* 1.jpg */; };
		8A26CB5D1ACE6B260036B4A4 /* artists@2x.png in Resources */ = {isa = PBXBuildFile; fileRef = 8A26CB5C1ACE6B260036B4A4 /* artists@2x.png */; };
		8A38B8591ABE9A5500F71D7E /* AMTumblrHud.m in Sources */ = {isa = PBXBuildFile; fileRef = 8A38B8581ABE9A5500F71D7E /* AMTumblrHud.m */; };
		8A4F19651AB2136C00AF2A31 /* 01.jpg in Resources */ = {isa = PBXBuildFile; fileRef = 8A4F19641AB2136C00AF2A31 /* 01.jpg */; };
		8A4F19671AB2155F00AF2A31 /* Apps-image-viewer-icon.png in Resources */ = {isa = PBXBuildFile; fileRef = 8A4F19661AB2155F00AF2A31 /* Apps-image-viewer-icon.png */; };
		8A4F19711AB2163B00AF2A31 /* icon_58x58.png in Resources */ = {isa = PBXBuildFile; fileRef = 8A4F196E1AB2163B00AF2A31 /* icon_58x58.png */; };
		8A4F19721AB2163B00AF2A31 /* icon_80x80.png in Resources */ = {isa = PBXBuildFile; fileRef = 8A4F196F1AB2163B00AF2A31 /* icon_80x80.png */; };
		8A4F19731AB2163B00AF2A31 /* icon_120x120.png in Resources */ = {isa = PBXBuildFile; fileRef = 8A4F19701AB2163B00AF2A31 /* icon_120x120.png */; };
		8A4F982F1ABD6FC10095415C /* faAlbumCell.m in Sources */ = {isa = PBXBuildFile; fileRef = 8A4F982E1ABD6FC10095415C /* faAlbumCell.m */; };
		8A4F98311ABD73190095415C /* album.png in Resources */ = {isa = PBXBuildFile; fileRef = 8A4F98301ABD73190095415C /* album.png */; };
		8A5033D81AB34DB90009229A /* faFbPhotos.m in Sources */ = {isa = PBXBuildFile; fileRef = 8A5033D71AB34DB90009229A /* faFbPhotos.m */; };
		8A50A2331ACE6D1A00714D2F /* faAboutTeamSlaay.m in Sources */ = {isa = PBXBuildFile; fileRef = 8A50A2321ACE6D1A00714D2F /* faAboutTeamSlaay.m */; };
		8A50A23A1ACE6DE700714D2F /* alison.jpeg in Resources */ = {isa = PBXBuildFile; fileRef = 8A50A2351ACE6DE700714D2F /* alison.jpeg */; };
		8A50A23B1ACE6DE700714D2F /* sanket.jpg in Resources */ = {isa = PBXBuildFile; fileRef = 8A50A2361ACE6DE700714D2F /* sanket.jpg */; };
		8A50A23C1ACE6DE700714D2F /* videl.jpg in Resources */ = {isa = PBXBuildFile; fileRef = 8A50A2371ACE6DE700714D2F /* videl.jpg */; };
		8A50A23D1ACE6DE700714D2F /* casburn.jpg in Resources */ = {isa = PBXBuildFile; fileRef = 8A50A2381ACE6DE700714D2F /* casburn.jpg */; };
		8A50A23E1ACE6DE700714D2F /* presley.jpg in Resources */ = {isa = PBXBuildFile; fileRef = 8A50A2391ACE6DE700714D2F /* presley.jpg */; };
		8A50A2431ACE6ED300714D2F /* facebook_.png in Resources */ = {isa = PBXBuildFile; fileRef = 8A50A2401ACE6ED300714D2F /* facebook_.png */; };
		8A50A2441ACE6ED300714D2F /* github_.png in Resources */ = {isa = PBXBuildFile; fileRef = 8A50A2411ACE6ED300714D2F /* github_.png */; };
		8A50A2451ACE6ED300714D2F /* twitter_.png in Resources */ = {isa = PBXBuildFile; fileRef = 8A50A2421ACE6ED300714D2F /* twitter_.png */; };
		8A50A24C1ACE6FE400714D2F /* faSharedGlobals.m in Sources */ = {isa = PBXBuildFile; fileRef = 8A50A24B1ACE6FE400714D2F /* faSharedGlobals.m */; };
		8A50A24F1ACE76A400714D2F /* 05.jpg in Resources */ = {isa = PBXBuildFile; fileRef = 8A50A24E1ACE76A400714D2F /* 05.jpg */; };
		8A53B62C1AAF5892001B6A4D /* profile.png in Resources */ = {isa = PBXBuildFile; fileRef = 8A53B62B1AAF5892001B6A4D /* profile.png */; };
		8A53B62E1AAF58A3001B6A4D /* Albums.png in Resources */ = {isa = PBXBuildFile; fileRef = 8A53B62D1AAF58A3001B6A4D /* Albums.png */; };
		8A53B6301AAF58DC001B6A4D /* Edit.png in Resources */ = {isa = PBXBuildFile; fileRef = 8A53B62F1AAF58DC001B6A4D /* Edit.png */; };
		8A53B6321AAF590F001B6A4D /* editePics.png in Resources */ = {isa = PBXBuildFile; fileRef = 8A53B6311AAF590F001B6A4D /* editePics.png */; };
		8A53B6351AAF5F1A001B6A4D /* faProfileViewController.m in Sources */ = {isa = PBXBuildFile; fileRef = 8A53B6341AAF5F1A001B6A4D /* faProfileViewController.m */; };
		8A5A4EB41AC0818A0011DC8E /* faAlbumPhotoListViewController.m in Sources */ = {isa = PBXBuildFile; fileRef = 8A5A4EB31AC0818A0011DC8E /* faAlbumPhotoListViewController.m */; };
		8A5D1A3B1AB0AC1D0092E60D /* HFViewController.m in Sources */ = {isa = PBXBuildFile; fileRef = 8A5D1A3A1AB0AC1D0092E60D /* HFViewController.m */; };
		8A5D1A3D1AB0B0240092E60D /* MobileCoreServices.framework in Frameworks */ = {isa = PBXBuildFile; fileRef = 8A5D1A3C1AB0B0240092E60D /* MobileCoreServices.framework */; };
		8A5D1A3F1AB0B02D0092E60D /* CoreLocation.framework in Frameworks */ = {isa = PBXBuildFile; fileRef = 8A5D1A3E1AB0B02D0092E60D /* CoreLocation.framework */; };
		8A5D1A441AB0BB100092E60D /* FXBlurView.m in Sources */ = {isa = PBXBuildFile; fileRef = 8A5D1A431AB0BB100092E60D /* FXBlurView.m */; };
		8A9E776B1ABF1B96004CD634 /* AFHTTPRequestOperation.m in Sources */ = {isa = PBXBuildFile; fileRef = 8A9E77591ABF1B96004CD634 /* AFHTTPRequestOperation.m */; };
		8A9E776C1ABF1B96004CD634 /* AFHTTPRequestOperationManager.m in Sources */ = {isa = PBXBuildFile; fileRef = 8A9E775B1ABF1B96004CD634 /* AFHTTPRequestOperationManager.m */; };
		8A9E776D1ABF1B96004CD634 /* AFHTTPSessionManager.m in Sources */ = {isa = PBXBuildFile; fileRef = 8A9E775D1ABF1B96004CD634 /* AFHTTPSessionManager.m */; };
		8A9E776E1ABF1B96004CD634 /* AFNetworkReachabilityManager.m in Sources */ = {isa = PBXBuildFile; fileRef = 8A9E77601ABF1B96004CD634 /* AFNetworkReachabilityManager.m */; };
		8A9E776F1ABF1B96004CD634 /* AFSecurityPolicy.m in Sources */ = {isa = PBXBuildFile; fileRef = 8A9E77621ABF1B96004CD634 /* AFSecurityPolicy.m */; };
		8A9E77701ABF1B96004CD634 /* AFURLConnectionOperation.m in Sources */ = {isa = PBXBuildFile; fileRef = 8A9E77641ABF1B96004CD634 /* AFURLConnectionOperation.m */; };
		8A9E77711ABF1B96004CD634 /* AFURLRequestSerialization.m in Sources */ = {isa = PBXBuildFile; fileRef = 8A9E77661ABF1B96004CD634 /* AFURLRequestSerialization.m */; };
		8A9E77721ABF1B96004CD634 /* AFURLResponseSerialization.m in Sources */ = {isa = PBXBuildFile; fileRef = 8A9E77681ABF1B96004CD634 /* AFURLResponseSerialization.m */; };
		8A9E77731ABF1B96004CD634 /* AFURLSessionManager.m in Sources */ = {isa = PBXBuildFile; fileRef = 8A9E776A1ABF1B96004CD634 /* AFURLSessionManager.m */; };
		8A9E77861ABF1BB4004CD634 /* AFNetworkActivityIndicatorManager.m in Sources */ = {isa = PBXBuildFile; fileRef = 8A9E77761ABF1BB4004CD634 /* AFNetworkActivityIndicatorManager.m */; };
		8A9E77871ABF1BB4004CD634 /* UIActivityIndicatorView+AFNetworking.m in Sources */ = {isa = PBXBuildFile; fileRef = 8A9E77781ABF1BB4004CD634 /* UIActivityIndicatorView+AFNetworking.m */; };
		8A9E77881ABF1BB4004CD634 /* UIAlertView+AFNetworking.m in Sources */ = {isa = PBXBuildFile; fileRef = 8A9E777A1ABF1BB4004CD634 /* UIAlertView+AFNetworking.m */; };
		8A9E77891ABF1BB4004CD634 /* UIButton+AFNetworking.m in Sources */ = {isa = PBXBuildFile; fileRef = 8A9E777C1ABF1BB4004CD634 /* UIButton+AFNetworking.m */; };
		8A9E778A1ABF1BB4004CD634 /* UIImageView+AFNetworking.m in Sources */ = {isa = PBXBuildFile; fileRef = 8A9E777E1ABF1BB4004CD634 /* UIImageView+AFNetworking.m */; };
		8A9E778B1ABF1BB4004CD634 /* UIProgressView+AFNetworking.m in Sources */ = {isa = PBXBuildFile; fileRef = 8A9E77811ABF1BB4004CD634 /* UIProgressView+AFNetworking.m */; };
		8A9E778C1ABF1BB4004CD634 /* UIRefreshControl+AFNetworking.m in Sources */ = {isa = PBXBuildFile; fileRef = 8A9E77831ABF1BB4004CD634 /* UIRefreshControl+AFNetworking.m */; };
		8A9E778D1ABF1BB4004CD634 /* UIWebView+AFNetworking.m in Sources */ = {isa = PBXBuildFile; fileRef = 8A9E77851ABF1BB4004CD634 /* UIWebView+AFNetworking.m */; };
		8AF0072E1AAB6EF2000568E4 /* Foundation.framework in Frameworks */ = {isa = PBXBuildFile; fileRef = 8AF0072D1AAB6EF2000568E4 /* Foundation.framework */; };
		8AF007301AAB6EF2000568E4 /* CoreGraphics.framework in Frameworks */ = {isa = PBXBuildFile; fileRef = 8AF0072F1AAB6EF2000568E4 /* CoreGraphics.framework */; };
		8AF007321AAB6EF2000568E4 /* UIKit.framework in Frameworks */ = {isa = PBXBuildFile; fileRef = 8AF007311AAB6EF2000568E4 /* UIKit.framework */; };
		8AF007381AAB6EF2000568E4 /* InfoPlist.strings in Resources */ = {isa = PBXBuildFile; fileRef = 8AF007361AAB6EF2000568E4 /* InfoPlist.strings */; };
		8AF0073A1AAB6EF2000568E4 /* main.m in Sources */ = {isa = PBXBuildFile; fileRef = 8AF007391AAB6EF2000568E4 /* main.m */; };
		8AF0073E1AAB6EF2000568E4 /* faAppDelegate.m in Sources */ = {isa = PBXBuildFile; fileRef = 8AF0073D1AAB6EF2000568E4 /* faAppDelegate.m */; };
		8AF007411AAB6EF2000568E4 /* Main.storyboard in Resources */ = {isa = PBXBuildFile; fileRef = 8AF0073F1AAB6EF2000568E4 /* Main.storyboard */; };
		8AF007441AAB6EF2000568E4 /* faViewController.m in Sources */ = {isa = PBXBuildFile; fileRef = 8AF007431AAB6EF2000568E4 /* faViewController.m */; };
		8AF007461AAB6EF2000568E4 /* Images.xcassets in Resources */ = {isa = PBXBuildFile; fileRef = 8AF007451AAB6EF2000568E4 /* Images.xcassets */; };
		8AF0074D1AAB6EF2000568E4 /* XCTest.framework in Frameworks */ = {isa = PBXBuildFile; fileRef = 8AF0074C1AAB6EF2000568E4 /* XCTest.framework */; };
		8AF0074E1AAB6EF2000568E4 /* Foundation.framework in Frameworks */ = {isa = PBXBuildFile; fileRef = 8AF0072D1AAB6EF2000568E4 /* Foundation.framework */; };
		8AF0074F1AAB6EF2000568E4 /* UIKit.framework in Frameworks */ = {isa = PBXBuildFile; fileRef = 8AF007311AAB6EF2000568E4 /* UIKit.framework */; };
		8AF007571AAB6EF2000568E4 /* InfoPlist.strings in Resources */ = {isa = PBXBuildFile; fileRef = 8AF007551AAB6EF2000568E4 /* InfoPlist.strings */; };
		8AF007591AAB6EF2000568E4 /* FliterAppTests.m in Sources */ = {isa = PBXBuildFile; fileRef = 8AF007581AAB6EF2000568E4 /* FliterAppTests.m */; };
		8AF007681AAB6F73000568E4 /* ImageFiltersViewController.m in Sources */ = {isa = PBXBuildFile; fileRef = 8AF007671AAB6F73000568E4 /* ImageFiltersViewController.m */; };
		8AF0076C1AAB7025000568E4 /* sample.jpg in Resources */ = {isa = PBXBuildFile; fileRef = 8AF0076B1AAB7025000568E4 /* sample.jpg */; };
		8AF2932E1AC9B8B600E55584 /* faAboutApp.m in Sources */ = {isa = PBXBuildFile; fileRef = 8AF2932D1AC9B8B600E55584 /* faAboutApp.m */; };
/* End PBXBuildFile section */

/* Begin PBXContainerItemProxy section */
		8AF007501AAB6EF2000568E4 /* PBXContainerItemProxy */ = {
			isa = PBXContainerItemProxy;
			containerPortal = 8AF007221AAB6EF2000568E4 /* Project object */;
			proxyType = 1;
			remoteGlobalIDString = 8AF007291AAB6EF2000568E4;
			remoteInfo = FliterApp;
		};
/* End PBXContainerItemProxy section */

/* Begin PBXFileReference section */
		8A113E441AAE0894007A8263 /* FacebookSDK.framework */ = {isa = PBXFileReference; lastKnownFileType = wrapper.framework; name = FacebookSDK.framework; path = ../../../../FacebookSDK/FacebookSDK.framework; sourceTree = "<group>"; };
		8A113E481AAE0D4A007A8263 /* SWRevealViewController.h */ = {isa = PBXFileReference; fileEncoding = 4; lastKnownFileType = sourcecode.c.h; path = SWRevealViewController.h; sourceTree = "<group>"; };
		8A113E491AAE0D4A007A8263 /* SWRevealViewController.m */ = {isa = PBXFileReference; fileEncoding = 4; lastKnownFileType = sourcecode.c.objc; path = SWRevealViewController.m; sourceTree = "<group>"; };
		8A113E511AAE0D6B007A8263 /* menu.png */ = {isa = PBXFileReference; lastKnownFileType = image.png; path = menu.png; sourceTree = "<group>"; };
		8A113E521AAE0D6B007A8263 /* menu@2x.png */ = {isa = PBXFileReference; lastKnownFileType = image.png; path = "menu@2x.png"; sourceTree = "<group>"; };
		8A113E531AAE0D6B007A8263 /* nav_bg.png */ = {isa = PBXFileReference; lastKnownFileType = image.png; path = nav_bg.png; sourceTree = "<group>"; };
		8A113E541AAE0D6B007A8263 /* bookmark.png */ = {isa = PBXFileReference; lastKnownFileType = image.png; path = bookmark.png; sourceTree = "<group>"; };
		8A113E551AAE0D6B007A8263 /* calendar.png */ = {isa = PBXFileReference; lastKnownFileType = image.png; path = calendar.png; sourceTree = "<group>"; };
		8A113E561AAE0D6B007A8263 /* comments.png */ = {isa = PBXFileReference; lastKnownFileType = image.png; path = comments.png; sourceTree = "<group>"; };
		8A113E571AAE0D6B007A8263 /* map.png */ = {isa = PBXFileReference; lastKnownFileType = image.png; path = map.png; sourceTree = "<group>"; };
		8A113E581AAE0D6B007A8263 /* news.png */ = {isa = PBXFileReference; lastKnownFileType = image.png; path = news.png; sourceTree = "<group>"; };
		8A113E591AAE0D6B007A8263 /* photo.png */ = {isa = PBXFileReference; lastKnownFileType = image.png; path = photo.png; sourceTree = "<group>"; };
		8A113E5A1AAE0D6B007A8263 /* tag.png */ = {isa = PBXFileReference; lastKnownFileType = image.png; path = tag.png; sourceTree = "<group>"; };
		8A113E5B1AAE0D6B007A8263 /* wishlist.png */ = {isa = PBXFileReference; lastKnownFileType = image.png; path = wishlist.png; sourceTree = "<group>"; };
		8A113E6D1AAE0DE4007A8263 /* MainViewController.h */ = {isa = PBXFileReference; fileEncoding = 4; lastKnownFileType = sourcecode.c.h; path = MainViewController.h; sourceTree = "<group>"; };
		8A113E6E1AAE0DE4007A8263 /* MainViewController.m */ = {isa = PBXFileReference; fileEncoding = 4; lastKnownFileType = sourcecode.c.objc; path = MainViewController.m; sourceTree = "<group>"; };
		8A113E6F1AAE0DE4007A8263 /* SidebarViewController.h */ = {isa = PBXFileReference; fileEncoding = 4; lastKnownFileType = sourcecode.c.h; path = SidebarViewController.h; sourceTree = "<group>"; };
		8A113E701AAE0DE4007A8263 /* SidebarViewController.m */ = {isa = PBXFileReference; fileEncoding = 4; lastKnownFileType = sourcecode.c.objc; path = SidebarViewController.m; sourceTree = "<group>"; };
		8A113E711AAE0DE4007A8263 /* MapViewController.h */ = {isa = PBXFileReference; fileEncoding = 4; lastKnownFileType = sourcecode.c.h; path = MapViewController.h; sourceTree = "<group>"; };
		8A113E721AAE0DE4007A8263 /* MapViewController.m */ = {isa = PBXFileReference; fileEncoding = 4; lastKnownFileType = sourcecode.c.objc; path = MapViewController.m; sourceTree = "<group>"; };
		8A113E731AAE0DE4007A8263 /* PhotoViewController.h */ = {isa = PBXFileReference; fileEncoding = 4; lastKnownFileType = sourcecode.c.h; path = PhotoViewController.h; sourceTree = "<group>"; };
		8A113E741AAE0DE4007A8263 /* PhotoViewController.m */ = {isa = PBXFileReference; fileEncoding = 4; lastKnownFileType = sourcecode.c.objc; path = PhotoViewController.m; sourceTree = "<group>"; };
		8A113E791AAE1511007A8263 /* teamslaay.png */ = {isa = PBXFileReference; lastKnownFileType = image.png; path = teamslaay.png; sourceTree = "<group>"; };
		8A113E7B1AAE1753007A8263 /* 1.jpg */ = {isa = PBXFileReference; lastKnownFileType = image.jpeg; path = 1.jpg; sourceTree = "<group>"; };
		8A26CB5C1ACE6B260036B4A4 /* artists@2x.png */ = {isa = PBXFileReference; lastKnownFileType = image.png; path = "artists@2x.png"; sourceTree = "<group>"; };
		8A38B8571ABE9A5500F71D7E /* AMTumblrHud.h */ = {isa = PBXFileReference; fileEncoding = 4; lastKnownFileType = sourcecode.c.h; path = AMTumblrHud.h; sourceTree = "<group>"; };
		8A38B8581ABE9A5500F71D7E /* AMTumblrHud.m */ = {isa = PBXFileReference; fileEncoding = 4; lastKnownFileType = sourcecode.c.objc; path = AMTumblrHud.m; sourceTree = "<group>"; };
		8A4F19641AB2136C00AF2A31 /* 01.jpg */ = {isa = PBXFileReference; lastKnownFileType = image.jpeg; path = 01.jpg; sourceTree = "<group>"; };
		8A4F19661AB2155F00AF2A31 /* Apps-image-viewer-icon.png */ = {isa = PBXFileReference; lastKnownFileType = image.png; path = "Apps-image-viewer-icon.png"; sourceTree = "<group>"; };
		8A4F196E1AB2163B00AF2A31 /* icon_58x58.png */ = {isa = PBXFileReference; lastKnownFileType = image.png; path = icon_58x58.png; sourceTree = "<group>"; };
		8A4F196F1AB2163B00AF2A31 /* icon_80x80.png */ = {isa = PBXFileReference; lastKnownFileType = image.png; path = icon_80x80.png; sourceTree = "<group>"; };
		8A4F19701AB2163B00AF2A31 /* icon_120x120.png */ = {isa = PBXFileReference; lastKnownFileType = image.png; path = icon_120x120.png; sourceTree = "<group>"; };
		8A4F982D1ABD6FC10095415C /* faAlbumCell.h */ = {isa = PBXFileReference; fileEncoding = 4; lastKnownFileType = sourcecode.c.h; name = faAlbumCell.h; path = controllers/faAlbumCell.h; sourceTree = "<group>"; };
		8A4F982E1ABD6FC10095415C /* faAlbumCell.m */ = {isa = PBXFileReference; fileEncoding = 4; lastKnownFileType = sourcecode.c.objc; name = faAlbumCell.m; path = controllers/faAlbumCell.m; sourceTree = "<group>"; };
		8A4F98301ABD73190095415C /* album.png */ = {isa = PBXFileReference; lastKnownFileType = image.png; path = album.png; sourceTree = "<group>"; };
		8A5033D61AB34DB90009229A /* faFbPhotos.h */ = {isa = PBXFileReference; fileEncoding = 4; lastKnownFileType = sourcecode.c.h; name = faFbPhotos.h; path = controllers/faFbPhotos.h; sourceTree = "<group>"; };
		8A5033D71AB34DB90009229A /* faFbPhotos.m */ = {isa = PBXFileReference; fileEncoding = 4; lastKnownFileType = sourcecode.c.objc; name = faFbPhotos.m; path = controllers/faFbPhotos.m; sourceTree = "<group>"; };
		8A50A2311ACE6D1A00714D2F /* faAboutTeamSlaay.h */ = {isa = PBXFileReference; fileEncoding = 4; lastKnownFileType = sourcecode.c.h; name = faAboutTeamSlaay.h; path = controllers/faAboutTeamSlaay.h; sourceTree = "<group>"; };
		8A50A2321ACE6D1A00714D2F /* faAboutTeamSlaay.m */ = {isa = PBXFileReference; fileEncoding = 4; lastKnownFileType = sourcecode.c.objc; name = faAboutTeamSlaay.m; path = controllers/faAboutTeamSlaay.m; sourceTree = "<group>"; };
		8A50A2351ACE6DE700714D2F /* alison.jpeg */ = {isa = PBXFileReference; lastKnownFileType = image.jpeg; path = alison.jpeg; sourceTree = "<group>"; };
		8A50A2361ACE6DE700714D2F /* sanket.jpg */ = {isa = PBXFileReference; lastKnownFileType = image.jpeg; path = sanket.jpg; sourceTree = "<group>"; };
		8A50A2371ACE6DE700714D2F /* videl.jpg */ = {isa = PBXFileReference; lastKnownFileType = image.jpeg; path = videl.jpg; sourceTree = "<group>"; };
		8A50A2381ACE6DE700714D2F /* casburn.jpg */ = {isa = PBXFileReference; lastKnownFileType = image.jpeg; path = casburn.jpg; sourceTree = "<group>"; };
		8A50A2391ACE6DE700714D2F /* presley.jpg */ = {isa = PBXFileReference; lastKnownFileType = image.jpeg; path = presley.jpg; sourceTree = "<group>"; };
		8A50A2401ACE6ED300714D2F /* facebook_.png */ = {isa = PBXFileReference; lastKnownFileType = image.png; path = facebook_.png; sourceTree = "<group>"; };
		8A50A2411ACE6ED300714D2F /* github_.png */ = {isa = PBXFileReference; lastKnownFileType = image.png; path = github_.png; sourceTree = "<group>"; };
		8A50A2421ACE6ED300714D2F /* twitter_.png */ = {isa = PBXFileReference; lastKnownFileType = image.png; path = twitter_.png; sourceTree = "<group>"; };
		8A50A24A1ACE6FE400714D2F /* faSharedGlobals.h */ = {isa = PBXFileReference; fileEncoding = 4; lastKnownFileType = sourcecode.c.h; name = faSharedGlobals.h; path = libs/faSharedGlobals.h; sourceTree = "<group>"; };
		8A50A24B1ACE6FE400714D2F /* faSharedGlobals.m */ = {isa = PBXFileReference; fileEncoding = 4; lastKnownFileType = sourcecode.c.objc; name = faSharedGlobals.m; path = libs/faSharedGlobals.m; sourceTree = "<group>"; };
		8A50A24E1ACE76A400714D2F /* 05.jpg */ = {isa = PBXFileReference; lastKnownFileType = image.jpeg; path = 05.jpg; sourceTree = "<group>"; };
		8A53B62B1AAF5892001B6A4D /* profile.png */ = {isa = PBXFileReference; lastKnownFileType = image.png; path = profile.png; sourceTree = "<group>"; };
		8A53B62D1AAF58A3001B6A4D /* Albums.png */ = {isa = PBXFileReference; lastKnownFileType = image.png; path = Albums.png; sourceTree = "<group>"; };
		8A53B62F1AAF58DC001B6A4D /* Edit.png */ = {isa = PBXFileReference; lastKnownFileType = image.png; path = Edit.png; sourceTree = "<group>"; };
		8A53B6311AAF590F001B6A4D /* editePics.png */ = {isa = PBXFileReference; lastKnownFileType = image.png; path = editePics.png; sourceTree = "<group>"; };
		8A53B6331AAF5F1A001B6A4D /* faProfileViewController.h */ = {isa = PBXFileReference; fileEncoding = 4; lastKnownFileType = sourcecode.c.h; name = faProfileViewController.h; path = controllers/faProfileViewController.h; sourceTree = "<group>"; };
		8A53B6341AAF5F1A001B6A4D /* faProfileViewController.m */ = {isa = PBXFileReference; fileEncoding = 4; lastKnownFileType = sourcecode.c.objc; name = faProfileViewController.m; path = controllers/faProfileViewController.m; sourceTree = "<group>"; };
		8A5A4EB21AC0818A0011DC8E /* faAlbumPhotoListViewController.h */ = {isa = PBXFileReference; fileEncoding = 4; lastKnownFileType = sourcecode.c.h; name = faAlbumPhotoListViewController.h; path = controllers/faAlbumPhotoListViewController.h; sourceTree = "<group>"; };
		8A5A4EB31AC0818A0011DC8E /* faAlbumPhotoListViewController.m */ = {isa = PBXFileReference; fileEncoding = 4; lastKnownFileType = sourcecode.c.objc; name = faAlbumPhotoListViewController.m; path = controllers/faAlbumPhotoListViewController.m; sourceTree = "<group>"; };
		8A5D1A391AB0AC1D0092E60D /* HFViewController.h */ = {isa = PBXFileReference; fileEncoding = 4; lastKnownFileType = sourcecode.c.h; path = HFViewController.h; sourceTree = "<group>"; };
		8A5D1A3A1AB0AC1D0092E60D /* HFViewController.m */ = {isa = PBXFileReference; fileEncoding = 4; lastKnownFileType = sourcecode.c.objc; path = HFViewController.m; sourceTree = "<group>"; };
		8A5D1A3C1AB0B0240092E60D /* MobileCoreServices.framework */ = {isa = PBXFileReference; lastKnownFileType = wrapper.framework; name = MobileCoreServices.framework; path = System/Library/Frameworks/MobileCoreServices.framework; sourceTree = SDKROOT; };
		8A5D1A3E1AB0B02D0092E60D /* CoreLocation.framework */ = {isa = PBXFileReference; lastKnownFileType = wrapper.framework; name = CoreLocation.framework; path = System/Library/Frameworks/CoreLocation.framework; sourceTree = SDKROOT; };
		8A5D1A421AB0BB100092E60D /* FXBlurView.h */ = {isa = PBXFileReference; fileEncoding = 4; lastKnownFileType = sourcecode.c.h; path = FXBlurView.h; sourceTree = "<group>"; };
		8A5D1A431AB0BB100092E60D /* FXBlurView.m */ = {isa = PBXFileReference; fileEncoding = 4; lastKnownFileType = sourcecode.c.objc; path = FXBlurView.m; sourceTree = "<group>"; };
		8A9E77581ABF1B96004CD634 /* AFHTTPRequestOperation.h */ = {isa = PBXFileReference; fileEncoding = 4; lastKnownFileType = sourcecode.c.h; path = AFHTTPRequestOperation.h; sourceTree = "<group>"; };
		8A9E77591ABF1B96004CD634 /* AFHTTPRequestOperation.m */ = {isa = PBXFileReference; fileEncoding = 4; lastKnownFileType = sourcecode.c.objc; path = AFHTTPRequestOperation.m; sourceTree = "<group>"; };
		8A9E775A1ABF1B96004CD634 /* AFHTTPRequestOperationManager.h */ = {isa = PBXFileReference; fileEncoding = 4; lastKnownFileType = sourcecode.c.h; path = AFHTTPRequestOperationManager.h; sourceTree = "<group>"; };
		8A9E775B1ABF1B96004CD634 /* AFHTTPRequestOperationManager.m */ = {isa = PBXFileReference; fileEncoding = 4; lastKnownFileType = sourcecode.c.objc; path = AFHTTPRequestOperationManager.m; sourceTree = "<group>"; };
		8A9E775C1ABF1B96004CD634 /* AFHTTPSessionManager.h */ = {isa = PBXFileReference; fileEncoding = 4; lastKnownFileType = sourcecode.c.h; path = AFHTTPSessionManager.h; sourceTree = "<group>"; };
		8A9E775D1ABF1B96004CD634 /* AFHTTPSessionManager.m */ = {isa = PBXFileReference; fileEncoding = 4; lastKnownFileType = sourcecode.c.objc; path = AFHTTPSessionManager.m; sourceTree = "<group>"; };
		8A9E775E1ABF1B96004CD634 /* AFNetworking.h */ = {isa = PBXFileReference; fileEncoding = 4; lastKnownFileType = sourcecode.c.h; path = AFNetworking.h; sourceTree = "<group>"; };
		8A9E775F1ABF1B96004CD634 /* AFNetworkReachabilityManager.h */ = {isa = PBXFileReference; fileEncoding = 4; lastKnownFileType = sourcecode.c.h; path = AFNetworkReachabilityManager.h; sourceTree = "<group>"; };
		8A9E77601ABF1B96004CD634 /* AFNetworkReachabilityManager.m */ = {isa = PBXFileReference; fileEncoding = 4; lastKnownFileType = sourcecode.c.objc; path = AFNetworkReachabilityManager.m; sourceTree = "<group>"; };
		8A9E77611ABF1B96004CD634 /* AFSecurityPolicy.h */ = {isa = PBXFileReference; fileEncoding = 4; lastKnownFileType = sourcecode.c.h; path = AFSecurityPolicy.h; sourceTree = "<group>"; };
		8A9E77621ABF1B96004CD634 /* AFSecurityPolicy.m */ = {isa = PBXFileReference; fileEncoding = 4; lastKnownFileType = sourcecode.c.objc; path = AFSecurityPolicy.m; sourceTree = "<group>"; };
		8A9E77631ABF1B96004CD634 /* AFURLConnectionOperation.h */ = {isa = PBXFileReference; fileEncoding = 4; lastKnownFileType = sourcecode.c.h; path = AFURLConnectionOperation.h; sourceTree = "<group>"; };
		8A9E77641ABF1B96004CD634 /* AFURLConnectionOperation.m */ = {isa = PBXFileReference; fileEncoding = 4; lastKnownFileType = sourcecode.c.objc; path = AFURLConnectionOperation.m; sourceTree = "<group>"; };
		8A9E77651ABF1B96004CD634 /* AFURLRequestSerialization.h */ = {isa = PBXFileReference; fileEncoding = 4; lastKnownFileType = sourcecode.c.h; path = AFURLRequestSerialization.h; sourceTree = "<group>"; };
		8A9E77661ABF1B96004CD634 /* AFURLRequestSerialization.m */ = {isa = PBXFileReference; fileEncoding = 4; lastKnownFileType = sourcecode.c.objc; path = AFURLRequestSerialization.m; sourceTree = "<group>"; };
		8A9E77671ABF1B96004CD634 /* AFURLResponseSerialization.h */ = {isa = PBXFileReference; fileEncoding = 4; lastKnownFileType = sourcecode.c.h; path = AFURLResponseSerialization.h; sourceTree = "<group>"; };
		8A9E77681ABF1B96004CD634 /* AFURLResponseSerialization.m */ = {isa = PBXFileReference; fileEncoding = 4; lastKnownFileType = sourcecode.c.objc; path = AFURLResponseSerialization.m; sourceTree = "<group>"; };
		8A9E77691ABF1B96004CD634 /* AFURLSessionManager.h */ = {isa = PBXFileReference; fileEncoding = 4; lastKnownFileType = sourcecode.c.h; path = AFURLSessionManager.h; sourceTree = "<group>"; };
		8A9E776A1ABF1B96004CD634 /* AFURLSessionManager.m */ = {isa = PBXFileReference; fileEncoding = 4; lastKnownFileType = sourcecode.c.objc; path = AFURLSessionManager.m; sourceTree = "<group>"; };
		8A9E77751ABF1BB4004CD634 /* AFNetworkActivityIndicatorManager.h */ = {isa = PBXFileReference; fileEncoding = 4; lastKnownFileType = sourcecode.c.h; path = AFNetworkActivityIndicatorManager.h; sourceTree = "<group>"; };
		8A9E77761ABF1BB4004CD634 /* AFNetworkActivityIndicatorManager.m */ = {isa = PBXFileReference; fileEncoding = 4; lastKnownFileType = sourcecode.c.objc; path = AFNetworkActivityIndicatorManager.m; sourceTree = "<group>"; };
		8A9E77771ABF1BB4004CD634 /* UIActivityIndicatorView+AFNetworking.h */ = {isa = PBXFileReference; fileEncoding = 4; lastKnownFileType = sourcecode.c.h; path = "UIActivityIndicatorView+AFNetworking.h"; sourceTree = "<group>"; };
		8A9E77781ABF1BB4004CD634 /* UIActivityIndicatorView+AFNetworking.m */ = {isa = PBXFileReference; fileEncoding = 4; lastKnownFileType = sourcecode.c.objc; path = "UIActivityIndicatorView+AFNetworking.m"; sourceTree = "<group>"; };
		8A9E77791ABF1BB4004CD634 /* UIAlertView+AFNetworking.h */ = {isa = PBXFileReference; fileEncoding = 4; lastKnownFileType = sourcecode.c.h; path = "UIAlertView+AFNetworking.h"; sourceTree = "<group>"; };
		8A9E777A1ABF1BB4004CD634 /* UIAlertView+AFNetworking.m */ = {isa = PBXFileReference; fileEncoding = 4; lastKnownFileType = sourcecode.c.objc; path = "UIAlertView+AFNetworking.m"; sourceTree = "<group>"; };
		8A9E777B1ABF1BB4004CD634 /* UIButton+AFNetworking.h */ = {isa = PBXFileReference; fileEncoding = 4; lastKnownFileType = sourcecode.c.h; path = "UIButton+AFNetworking.h"; sourceTree = "<group>"; };
		8A9E777C1ABF1BB4004CD634 /* UIButton+AFNetworking.m */ = {isa = PBXFileReference; fileEncoding = 4; lastKnownFileType = sourcecode.c.objc; path = "UIButton+AFNetworking.m"; sourceTree = "<group>"; };
		8A9E777D1ABF1BB4004CD634 /* UIImageView+AFNetworking.h */ = {isa = PBXFileReference; fileEncoding = 4; lastKnownFileType = sourcecode.c.h; path = "UIImageView+AFNetworking.h"; sourceTree = "<group>"; };
		8A9E777E1ABF1BB4004CD634 /* UIImageView+AFNetworking.m */ = {isa = PBXFileReference; fileEncoding = 4; lastKnownFileType = sourcecode.c.objc; path = "UIImageView+AFNetworking.m"; sourceTree = "<group>"; };
		8A9E777F1ABF1BB4004CD634 /* UIKit+AFNetworking.h */ = {isa = PBXFileReference; fileEncoding = 4; lastKnownFileType = sourcecode.c.h; path = "UIKit+AFNetworking.h"; sourceTree = "<group>"; };
		8A9E77801ABF1BB4004CD634 /* UIProgressView+AFNetworking.h */ = {isa = PBXFileReference; fileEncoding = 4; lastKnownFileType = sourcecode.c.h; path = "UIProgressView+AFNetworking.h"; sourceTree = "<group>"; };
		8A9E77811ABF1BB4004CD634 /* UIProgressView+AFNetworking.m */ = {isa = PBXFileReference; fileEncoding = 4; lastKnownFileType = sourcecode.c.objc; path = "UIProgressView+AFNetworking.m"; sourceTree = "<group>"; };
		8A9E77821ABF1BB4004CD634 /* UIRefreshControl+AFNetworking.h */ = {isa = PBXFileReference; fileEncoding = 4; lastKnownFileType = sourcecode.c.h; path = "UIRefreshControl+AFNetworking.h"; sourceTree = "<group>"; };
		8A9E77831ABF1BB4004CD634 /* UIRefreshControl+AFNetworking.m */ = {isa = PBXFileReference; fileEncoding = 4; lastKnownFileType = sourcecode.c.objc; path = "UIRefreshControl+AFNetworking.m"; sourceTree = "<group>"; };
		8A9E77841ABF1BB4004CD634 /* UIWebView+AFNetworking.h */ = {isa = PBXFileReference; fileEncoding = 4; lastKnownFileType = sourcecode.c.h; path = "UIWebView+AFNetworking.h"; sourceTree = "<group>"; };
		8A9E77851ABF1BB4004CD634 /* UIWebView+AFNetworking.m */ = {isa = PBXFileReference; fileEncoding = 4; lastKnownFileType = sourcecode.c.objc; path = "UIWebView+AFNetworking.m"; sourceTree = "<group>"; };
		8AF0072A1AAB6EF2000568E4 /* FliterApp.app */ = {isa = PBXFileReference; explicitFileType = wrapper.application; includeInIndex = 0; path = FliterApp.app; sourceTree = BUILT_PRODUCTS_DIR; };
		8AF0072D1AAB6EF2000568E4 /* Foundation.framework */ = {isa = PBXFileReference; lastKnownFileType = wrapper.framework; name = Foundation.framework; path = System/Library/Frameworks/Foundation.framework; sourceTree = SDKROOT; };
		8AF0072F1AAB6EF2000568E4 /* CoreGraphics.framework */ = {isa = PBXFileReference; lastKnownFileType = wrapper.framework; name = CoreGraphics.framework; path = System/Library/Frameworks/CoreGraphics.framework; sourceTree = SDKROOT; };
		8AF007311AAB6EF2000568E4 /* UIKit.framework */ = {isa = PBXFileReference; lastKnownFileType = wrapper.framework; name = UIKit.framework; path = System/Library/Frameworks/UIKit.framework; sourceTree = SDKROOT; };
		8AF007351AAB6EF2000568E4 /* FliterApp-Info.plist */ = {isa = PBXFileReference; lastKnownFileType = text.plist.xml; path = "FliterApp-Info.plist"; sourceTree = "<group>"; };
		8AF007371AAB6EF2000568E4 /* en */ = {isa = PBXFileReference; lastKnownFileType = text.plist.strings; name = en; path = en.lproj/InfoPlist.strings; sourceTree = "<group>"; };
		8AF007391AAB6EF2000568E4 /* main.m */ = {isa = PBXFileReference; lastKnownFileType = sourcecode.c.objc; path = main.m; sourceTree = "<group>"; };
		8AF0073B1AAB6EF2000568E4 /* FliterApp-Prefix.pch */ = {isa = PBXFileReference; lastKnownFileType = sourcecode.c.h; path = "FliterApp-Prefix.pch"; sourceTree = "<group>"; };
		8AF0073C1AAB6EF2000568E4 /* faAppDelegate.h */ = {isa = PBXFileReference; lastKnownFileType = sourcecode.c.h; path = faAppDelegate.h; sourceTree = "<group>"; };
		8AF0073D1AAB6EF2000568E4 /* faAppDelegate.m */ = {isa = PBXFileReference; lastKnownFileType = sourcecode.c.objc; path = faAppDelegate.m; sourceTree = "<group>"; };
		8AF007401AAB6EF2000568E4 /* Base */ = {isa = PBXFileReference; lastKnownFileType = file.storyboard; name = Base; path = Base.lproj/Main.storyboard; sourceTree = "<group>"; };
		8AF007421AAB6EF2000568E4 /* faViewController.h */ = {isa = PBXFileReference; lastKnownFileType = sourcecode.c.h; path = faViewController.h; sourceTree = "<group>"; };
		8AF007431AAB6EF2000568E4 /* faViewController.m */ = {isa = PBXFileReference; lastKnownFileType = sourcecode.c.objc; path = faViewController.m; sourceTree = "<group>"; };
		8AF007451AAB6EF2000568E4 /* Images.xcassets */ = {isa = PBXFileReference; lastKnownFileType = folder.assetcatalog; path = Images.xcassets; sourceTree = "<group>"; };
		8AF0074B1AAB6EF2000568E4 /* FliterAppTests.xctest */ = {isa = PBXFileReference; explicitFileType = wrapper.cfbundle; includeInIndex = 0; path = FliterAppTests.xctest; sourceTree = BUILT_PRODUCTS_DIR; };
		8AF0074C1AAB6EF2000568E4 /* XCTest.framework */ = {isa = PBXFileReference; lastKnownFileType = wrapper.framework; name = XCTest.framework; path = Library/Frameworks/XCTest.framework; sourceTree = DEVELOPER_DIR; };
		8AF007541AAB6EF2000568E4 /* FliterAppTests-Info.plist */ = {isa = PBXFileReference; lastKnownFileType = text.plist.xml; path = "FliterAppTests-Info.plist"; sourceTree = "<group>"; };
		8AF007561AAB6EF2000568E4 /* en */ = {isa = PBXFileReference; lastKnownFileType = text.plist.strings; name = en; path = en.lproj/InfoPlist.strings; sourceTree = "<group>"; };
		8AF007581AAB6EF2000568E4 /* FliterAppTests.m */ = {isa = PBXFileReference; lastKnownFileType = sourcecode.c.objc; path = FliterAppTests.m; sourceTree = "<group>"; };
		8AF007661AAB6F73000568E4 /* ImageFiltersViewController.h */ = {isa = PBXFileReference; fileEncoding = 4; lastKnownFileType = sourcecode.c.h; name = ImageFiltersViewController.h; path = libraries/ImageFiltersViewController.h; sourceTree = SOURCE_ROOT; };
		8AF007671AAB6F73000568E4 /* ImageFiltersViewController.m */ = {isa = PBXFileReference; fileEncoding = 4; lastKnownFileType = sourcecode.c.objc; name = ImageFiltersViewController.m; path = libraries/ImageFiltersViewController.m; sourceTree = SOURCE_ROOT; };
		8AF0076B1AAB7025000568E4 /* sample.jpg */ = {isa = PBXFileReference; lastKnownFileType = image.jpeg; path = sample.jpg; sourceTree = "<group>"; };
		8AF2932C1AC9B8B600E55584 /* faAboutApp.h */ = {isa = PBXFileReference; fileEncoding = 4; lastKnownFileType = sourcecode.c.h; name = faAboutApp.h; path = controllers/faAboutApp.h; sourceTree = "<group>"; };
		8AF2932D1AC9B8B600E55584 /* faAboutApp.m */ = {isa = PBXFileReference; fileEncoding = 4; lastKnownFileType = sourcecode.c.objc; name = faAboutApp.m; path = controllers/faAboutApp.m; sourceTree = "<group>"; };
/* End PBXFileReference section */

/* Begin PBXFrameworksBuildPhase section */
		8AF007271AAB6EF2000568E4 /* Frameworks */ = {
			isa = PBXFrameworksBuildPhase;
			buildActionMask = 2147483647;
			files = (
				8A5D1A3F1AB0B02D0092E60D /* CoreLocation.framework in Frameworks */,
				8AF007301AAB6EF2000568E4 /* CoreGraphics.framework in Frameworks */,
				8A113E451AAE0894007A8263 /* FacebookSDK.framework in Frameworks */,
				8AF007321AAB6EF2000568E4 /* UIKit.framework in Frameworks */,
				8A5D1A3D1AB0B0240092E60D /* MobileCoreServices.framework in Frameworks */,
				8AF0072E1AAB6EF2000568E4 /* Foundation.framework in Frameworks */,
			);
			runOnlyForDeploymentPostprocessing = 0;
		};
		8AF007481AAB6EF2000568E4 /* Frameworks */ = {
			isa = PBXFrameworksBuildPhase;
			buildActionMask = 2147483647;
			files = (
				8AF0074D1AAB6EF2000568E4 /* XCTest.framework in Frameworks */,
				8AF0074F1AAB6EF2000568E4 /* UIKit.framework in Frameworks */,
				8AF0074E1AAB6EF2000568E4 /* Foundation.framework in Frameworks */,
			);
			runOnlyForDeploymentPostprocessing = 0;
		};
/* End PBXFrameworksBuildPhase section */

/* Begin PBXGroup section */
		8A113E461AAE0D2D007A8263 /* Filter */ = {
			isa = PBXGroup;
			children = (
				8AF007661AAB6F73000568E4 /* ImageFiltersViewController.h */,
				8AF007671AAB6F73000568E4 /* ImageFiltersViewController.m */,
			);
			name = Filter;
			sourceTree = "<group>";
		};
		8A113E471AAE0D3A007A8263 /* SlideMenu */ = {
			isa = PBXGroup;
			children = (
				8A113E481AAE0D4A007A8263 /* SWRevealViewController.h */,
				8A113E491AAE0D4A007A8263 /* SWRevealViewController.m */,
			);
			name = SlideMenu;
			sourceTree = "<group>";
		};
		8A113E4B1AAE0D52007A8263 /* slidebar */ = {
			isa = PBXGroup;
			children = (
				8A26CB5C1ACE6B260036B4A4 /* artists@2x.png */,
				8A113E791AAE1511007A8263 /* teamslaay.png */,
				8A113E511AAE0D6B007A8263 /* menu.png */,
				8A113E521AAE0D6B007A8263 /* menu@2x.png */,
				8A113E531AAE0D6B007A8263 /* nav_bg.png */,
				8A113E541AAE0D6B007A8263 /* bookmark.png */,
				8A113E551AAE0D6B007A8263 /* calendar.png */,
				8A113E561AAE0D6B007A8263 /* comments.png */,
				8A113E571AAE0D6B007A8263 /* map.png */,
				8A113E581AAE0D6B007A8263 /* news.png */,
				8A113E591AAE0D6B007A8263 /* photo.png */,
				8A113E5A1AAE0D6B007A8263 /* tag.png */,
				8A113E5B1AAE0D6B007A8263 /* wishlist.png */,
			);
			name = slidebar;
			sourceTree = "<group>";
		};
		8A113E6C1AAE0DD4007A8263 /* controllers */ = {
			isa = PBXGroup;
			children = (
				8A5D1A391AB0AC1D0092E60D /* HFViewController.h */,
				8A5D1A3A1AB0AC1D0092E60D /* HFViewController.m */,
				8A113E6D1AAE0DE4007A8263 /* MainViewController.h */,
				8A113E6E1AAE0DE4007A8263 /* MainViewController.m */,
				8A113E6F1AAE0DE4007A8263 /* SidebarViewController.h */,
				8A113E701AAE0DE4007A8263 /* SidebarViewController.m */,
				8A113E711AAE0DE4007A8263 /* MapViewController.h */,
				8A113E721AAE0DE4007A8263 /* MapViewController.m */,
				8A113E731AAE0DE4007A8263 /* PhotoViewController.h */,
				8A113E741AAE0DE4007A8263 /* PhotoViewController.m */,
				8A53B6331AAF5F1A001B6A4D /* faProfileViewController.h */,
				8A53B6341AAF5F1A001B6A4D /* faProfileViewController.m */,
				8A5033D61AB34DB90009229A /* faFbPhotos.h */,
				8A5033D71AB34DB90009229A /* faFbPhotos.m */,
				8A4F982D1ABD6FC10095415C /* faAlbumCell.h */,
				8A4F982E1ABD6FC10095415C /* faAlbumCell.m */,
				8A5A4EB21AC0818A0011DC8E /* faAlbumPhotoListViewController.h */,
				8A5A4EB31AC0818A0011DC8E /* faAlbumPhotoListViewController.m */,
				8AF2932C1AC9B8B600E55584 /* faAboutApp.h */,
				8AF2932D1AC9B8B600E55584 /* faAboutApp.m */,
				8A50A2311ACE6D1A00714D2F /* faAboutTeamSlaay.h */,
				8A50A2321ACE6D1A00714D2F /* faAboutTeamSlaay.m */,
			);
			name = controllers;
			sourceTree = "<group>";
		};
		8A38B8561ABE9A4300F71D7E /* AmTumblerHUD */ = {
			isa = PBXGroup;
			children = (
				8A38B8571ABE9A5500F71D7E /* AMTumblrHud.h */,
				8A38B8581ABE9A5500F71D7E /* AMTumblrHud.m */,
			);
			name = AmTumblerHUD;
			sourceTree = "<group>";
		};
		8A50A2341ACE6DD500714D2F /* TeamMembers */ = {
			isa = PBXGroup;
			children = (
				8A50A2351ACE6DE700714D2F /* alison.jpeg */,
				8A50A2361ACE6DE700714D2F /* sanket.jpg */,
				8A50A2371ACE6DE700714D2F /* videl.jpg */,
				8A50A2381ACE6DE700714D2F /* casburn.jpg */,
				8A50A2391ACE6DE700714D2F /* presley.jpg */,
			);
			name = TeamMembers;
			sourceTree = "<group>";
		};
		8A50A23F1ACE6EC800714D2F /* logos */ = {
			isa = PBXGroup;
			children = (
				8A50A2401ACE6ED300714D2F /* facebook_.png */,
				8A50A2411ACE6ED300714D2F /* github_.png */,
				8A50A2421ACE6ED300714D2F /* twitter_.png */,
			);
			name = logos;
			sourceTree = "<group>";
		};
		8A50A2461ACE6F9400714D2F /* Utils */ = {
			isa = PBXGroup;
			children = (
				8A50A24A1ACE6FE400714D2F /* faSharedGlobals.h */,
				8A50A24B1ACE6FE400714D2F /* faSharedGlobals.m */,
			);
			name = Utils;
			sourceTree = "<group>";
		};
		8A50A24D1ACE769700714D2F /* background */ = {
			isa = PBXGroup;
			children = (
				8A50A24E1ACE76A400714D2F /* 05.jpg */,
			);
			name = background;
			sourceTree = "<group>";
		};
		8A5D1A451AB0BB180092E60D /* FXBlurView */ = {
			isa = PBXGroup;
			children = (
				8A5D1A421AB0BB100092E60D /* FXBlurView.h */,
				8A5D1A431AB0BB100092E60D /* FXBlurView.m */,
			);
			name = FXBlurView;
			sourceTree = "<group>";
		};
		8A9E77571ABF1AE1004CD634 /* AFNetworking */ = {
			isa = PBXGroup;
			children = (
				8A9E77581ABF1B96004CD634 /* AFHTTPRequestOperation.h */,
				8A9E77591ABF1B96004CD634 /* AFHTTPRequestOperation.m */,
				8A9E775A1ABF1B96004CD634 /* AFHTTPRequestOperationManager.h */,
				8A9E775B1ABF1B96004CD634 /* AFHTTPRequestOperationManager.m */,
				8A9E775C1ABF1B96004CD634 /* AFHTTPSessionManager.h */,
				8A9E775D1ABF1B96004CD634 /* AFHTTPSessionManager.m */,
				8A9E775E1ABF1B96004CD634 /* AFNetworking.h */,
				8A9E775F1ABF1B96004CD634 /* AFNetworkReachabilityManager.h */,
				8A9E77601ABF1B96004CD634 /* AFNetworkReachabilityManager.m */,
				8A9E77611ABF1B96004CD634 /* AFSecurityPolicy.h */,
				8A9E77621ABF1B96004CD634 /* AFSecurityPolicy.m */,
				8A9E77631ABF1B96004CD634 /* AFURLConnectionOperation.h */,
				8A9E77641ABF1B96004CD634 /* AFURLConnectionOperation.m */,
				8A9E77651ABF1B96004CD634 /* AFURLRequestSerialization.h */,
				8A9E77661ABF1B96004CD634 /* AFURLRequestSerialization.m */,
				8A9E77671ABF1B96004CD634 /* AFURLResponseSerialization.h */,
				8A9E77681ABF1B96004CD634 /* AFURLResponseSerialization.m */,
				8A9E77691ABF1B96004CD634 /* AFURLSessionManager.h */,
				8A9E776A1ABF1B96004CD634 /* AFURLSessionManager.m */,
			);
			name = AFNetworking;
			sourceTree = "<group>";
		};
		8A9E77741ABF1B9F004CD634 /* UIKit+AFNetworking */ = {
			isa = PBXGroup;
			children = (
				8A9E77751ABF1BB4004CD634 /* AFNetworkActivityIndicatorManager.h */,
				8A9E77761ABF1BB4004CD634 /* AFNetworkActivityIndicatorManager.m */,
				8A9E77771ABF1BB4004CD634 /* UIActivityIndicatorView+AFNetworking.h */,
				8A9E77781ABF1BB4004CD634 /* UIActivityIndicatorView+AFNetworking.m */,
				8A9E77791ABF1BB4004CD634 /* UIAlertView+AFNetworking.h */,
				8A9E777A1ABF1BB4004CD634 /* UIAlertView+AFNetworking.m */,
				8A9E777B1ABF1BB4004CD634 /* UIButton+AFNetworking.h */,
				8A9E777C1ABF1BB4004CD634 /* UIButton+AFNetworking.m */,
				8A9E777D1ABF1BB4004CD634 /* UIImageView+AFNetworking.h */,
				8A9E777E1ABF1BB4004CD634 /* UIImageView+AFNetworking.m */,
				8A9E777F1ABF1BB4004CD634 /* UIKit+AFNetworking.h */,
				8A9E77801ABF1BB4004CD634 /* UIProgressView+AFNetworking.h */,
				8A9E77811ABF1BB4004CD634 /* UIProgressView+AFNetworking.m */,
				8A9E77821ABF1BB4004CD634 /* UIRefreshControl+AFNetworking.h */,
				8A9E77831ABF1BB4004CD634 /* UIRefreshControl+AFNetworking.m */,
				8A9E77841ABF1BB4004CD634 /* UIWebView+AFNetworking.h */,
				8A9E77851ABF1BB4004CD634 /* UIWebView+AFNetworking.m */,
			);
			name = "UIKit+AFNetworking";
			sourceTree = "<group>";
		};
		8AF007211AAB6EF2000568E4 = {
			isa = PBXGroup;
			children = (
				8AF007331AAB6EF2000568E4 /* FliterApp */,
				8AF007521AAB6EF2000568E4 /* FliterAppTests */,
				8AF0072C1AAB6EF2000568E4 /* Frameworks */,
				8AF0072B1AAB6EF2000568E4 /* Products */,
			);
			sourceTree = "<group>";
		};
		8AF0072B1AAB6EF2000568E4 /* Products */ = {
			isa = PBXGroup;
			children = (
				8AF0072A1AAB6EF2000568E4 /* FliterApp.app */,
				8AF0074B1AAB6EF2000568E4 /* FliterAppTests.xctest */,
			);
			name = Products;
			sourceTree = "<group>";
		};
		8AF0072C1AAB6EF2000568E4 /* Frameworks */ = {
			isa = PBXGroup;
			children = (
				8A5D1A3E1AB0B02D0092E60D /* CoreLocation.framework */,
				8A5D1A3C1AB0B0240092E60D /* MobileCoreServices.framework */,
				8A113E441AAE0894007A8263 /* FacebookSDK.framework */,
				8AF0072D1AAB6EF2000568E4 /* Foundation.framework */,
				8AF0072F1AAB6EF2000568E4 /* CoreGraphics.framework */,
				8AF007311AAB6EF2000568E4 /* UIKit.framework */,
				8AF0074C1AAB6EF2000568E4 /* XCTest.framework */,
			);
			name = Frameworks;
			sourceTree = "<group>";
		};
		8AF007331AAB6EF2000568E4 /* FliterApp */ = {
			isa = PBXGroup;
			children = (
				8A113E6C1AAE0DD4007A8263 /* controllers */,
				8AF007691AAB700F000568E4 /* resource */,
				8AF007651AAB6F5E000568E4 /* libraries */,
				8AF0073C1AAB6EF2000568E4 /* faAppDelegate.h */,
				8AF0073D1AAB6EF2000568E4 /* faAppDelegate.m */,
				8AF0073F1AAB6EF2000568E4 /* Main.storyboard */,
				8AF007421AAB6EF2000568E4 /* faViewController.h */,
				8AF007431AAB6EF2000568E4 /* faViewController.m */,
				8AF007451AAB6EF2000568E4 /* Images.xcassets */,
				8AF007341AAB6EF2000568E4 /* Supporting Files */,
			);
			path = FliterApp;
			sourceTree = "<group>";
		};
		8AF007341AAB6EF2000568E4 /* Supporting Files */ = {
			isa = PBXGroup;
			children = (
				8AF007351AAB6EF2000568E4 /* FliterApp-Info.plist */,
				8AF007361AAB6EF2000568E4 /* InfoPlist.strings */,
				8AF007391AAB6EF2000568E4 /* main.m */,
				8AF0073B1AAB6EF2000568E4 /* FliterApp-Prefix.pch */,
			);
			name = "Supporting Files";
			sourceTree = "<group>";
		};
		8AF007521AAB6EF2000568E4 /* FliterAppTests */ = {
			isa = PBXGroup;
			children = (
				8AF007581AAB6EF2000568E4 /* FliterAppTests.m */,
				8AF007531AAB6EF2000568E4 /* Supporting Files */,
			);
			path = FliterAppTests;
			sourceTree = "<group>";
		};
		8AF007531AAB6EF2000568E4 /* Supporting Files */ = {
			isa = PBXGroup;
			children = (
				8AF007541AAB6EF2000568E4 /* FliterAppTests-Info.plist */,
				8AF007551AAB6EF2000568E4 /* InfoPlist.strings */,
			);
			name = "Supporting Files";
			sourceTree = "<group>";
		};
		8AF007651AAB6F5E000568E4 /* libraries */ = {
			isa = PBXGroup;
			children = (
				8A50A2461ACE6F9400714D2F /* Utils */,
				8A9E77741ABF1B9F004CD634 /* UIKit+AFNetworking */,
				8A9E77571ABF1AE1004CD634 /* AFNetworking */,
				8A38B8561ABE9A4300F71D7E /* AmTumblerHUD */,
				8A5D1A451AB0BB180092E60D /* FXBlurView */,
				8A113E471AAE0D3A007A8263 /* SlideMenu */,
				8A113E461AAE0D2D007A8263 /* Filter */,
			);
			name = libraries;
			sourceTree = "<group>";
		};
		8AF007691AAB700F000568E4 /* resource */ = {
			isa = PBXGroup;
			children = (
				8A53B6311AAF590F001B6A4D /* editePics.png */,
				8A53B62F1AAF58DC001B6A4D /* Edit.png */,
				8A53B62B1AAF5892001B6A4D /* profile.png */,
				8A53B62D1AAF58A3001B6A4D /* Albums.png */,
				8A4F98301ABD73190095415C /* album.png */,
				8AF0076A1AAB7017000568E4 /* images */,
			);
			name = resource;
			sourceTree = "<group>";
		};
		8AF0076A1AAB7017000568E4 /* images */ = {
			isa = PBXGroup;
			children = (
				8A50A24D1ACE769700714D2F /* background */,
				8A50A23F1ACE6EC800714D2F /* logos */,
				8A50A2341ACE6DD500714D2F /* TeamMembers */,
				8A4F196E1AB2163B00AF2A31 /* icon_58x58.png */,
				8A4F196F1AB2163B00AF2A31 /* icon_80x80.png */,
				8A4F19701AB2163B00AF2A31 /* icon_120x120.png */,
				8A4F19661AB2155F00AF2A31 /* Apps-image-viewer-icon.png */,
				8A4F19641AB2136C00AF2A31 /* 01.jpg */,
				8A113E7B1AAE1753007A8263 /* 1.jpg */,
				8A113E4B1AAE0D52007A8263 /* slidebar */,
				8AF0076B1AAB7025000568E4 /* sample.jpg */,
			);
			name = images;
			sourceTree = "<group>";
		};
/* End PBXGroup section */

/* Begin PBXNativeTarget section */
		8AF007291AAB6EF2000568E4 /* FliterApp */ = {
			isa = PBXNativeTarget;
			buildConfigurationList = 8AF0075C1AAB6EF2000568E4 /* Build configuration list for PBXNativeTarget "FliterApp" */;
			buildPhases = (
				8AF007261AAB6EF2000568E4 /* Sources */,
				8AF007271AAB6EF2000568E4 /* Frameworks */,
				8AF007281AAB6EF2000568E4 /* Resources */,
			);
			buildRules = (
			);
			dependencies = (
			);
			name = FliterApp;
			productName = FliterApp;
			productReference = 8AF0072A1AAB6EF2000568E4 /* FliterApp.app */;
			productType = "com.apple.product-type.application";
		};
		8AF0074A1AAB6EF2000568E4 /* FliterAppTests */ = {
			isa = PBXNativeTarget;
			buildConfigurationList = 8AF0075F1AAB6EF2000568E4 /* Build configuration list for PBXNativeTarget "FliterAppTests" */;
			buildPhases = (
				8AF007471AAB6EF2000568E4 /* Sources */,
				8AF007481AAB6EF2000568E4 /* Frameworks */,
				8AF007491AAB6EF2000568E4 /* Resources */,
			);
			buildRules = (
			);
			dependencies = (
				8AF007511AAB6EF2000568E4 /* PBXTargetDependency */,
			);
			name = FliterAppTests;
			productName = FliterAppTests;
			productReference = 8AF0074B1AAB6EF2000568E4 /* FliterAppTests.xctest */;
			productType = "com.apple.product-type.bundle.unit-test";
		};
/* End PBXNativeTarget section */

/* Begin PBXProject section */
		8AF007221AAB6EF2000568E4 /* Project object */ = {
			isa = PBXProject;
			attributes = {
				CLASSPREFIX = fa;
				LastUpgradeCheck = 0510;
				ORGANIZATIONNAME = SlaaySourceCoders;
				TargetAttributes = {
					8AF0074A1AAB6EF2000568E4 = {
						TestTargetID = 8AF007291AAB6EF2000568E4;
					};
				};
			};
			buildConfigurationList = 8AF007251AAB6EF2000568E4 /* Build configuration list for PBXProject "FliterApp" */;
			compatibilityVersion = "Xcode 3.2";
			developmentRegion = English;
			hasScannedForEncodings = 0;
			knownRegions = (
				en,
				Base,
			);
			mainGroup = 8AF007211AAB6EF2000568E4;
			productRefGroup = 8AF0072B1AAB6EF2000568E4 /* Products */;
			projectDirPath = "";
			projectRoot = "";
			targets = (
				8AF007291AAB6EF2000568E4 /* FliterApp */,
				8AF0074A1AAB6EF2000568E4 /* FliterAppTests */,
			);
		};
/* End PBXProject section */

/* Begin PBXResourcesBuildPhase section */
		8AF007281AAB6EF2000568E4 /* Resources */ = {
			isa = PBXResourcesBuildPhase;
			buildActionMask = 2147483647;
			files = (
				8A4F19731AB2163B00AF2A31 /* icon_120x120.png in Resources */,
				8A50A2431ACE6ED300714D2F /* facebook_.png in Resources */,
				8A50A2441ACE6ED300714D2F /* github_.png in Resources */,
				8A113E621AAE0D6B007A8263 /* menu@2x.png in Resources */,
				8AF007461AAB6EF2000568E4 /* Images.xcassets in Resources */,
				8A50A2451ACE6ED300714D2F /* twitter_.png in Resources */,
				8A113E6B1AAE0D6B007A8263 /* wishlist.png in Resources */,
				8A113E641AAE0D6B007A8263 /* bookmark.png in Resources */,
				8A50A23E1ACE6DE700714D2F /* presley.jpg in Resources */,
				8A53B6321AAF590F001B6A4D /* editePics.png in Resources */,
				8A113E661AAE0D6B007A8263 /* comments.png in Resources */,
				8AF007381AAB6EF2000568E4 /* InfoPlist.strings in Resources */,
				8A50A23D1ACE6DE700714D2F /* casburn.jpg in Resources */,
				8A4F19671AB2155F00AF2A31 /* Apps-image-viewer-icon.png in Resources */,
				8A50A23C1ACE6DE700714D2F /* videl.jpg in Resources */,
				8A50A23B1ACE6DE700714D2F /* sanket.jpg in Resources */,
				8A113E681AAE0D6B007A8263 /* news.png in Resources */,
				8A4F98311ABD73190095415C /* album.png in Resources */,
				8A113E671AAE0D6B007A8263 /* map.png in Resources */,
				8A50A23A1ACE6DE700714D2F /* alison.jpeg in Resources */,
				8A113E7C1AAE1753007A8263 /* 1.jpg in Resources */,
				8A113E651AAE0D6B007A8263 /* calendar.png in Resources */,
				8A53B6301AAF58DC001B6A4D /* Edit.png in Resources */,
				8A50A24F1ACE76A400714D2F /* 05.jpg in Resources */,
				8A113E6A1AAE0D6B007A8263 /* tag.png in Resources */,
				8A113E611AAE0D6B007A8263 /* menu.png in Resources */,
				8A113E7A1AAE1511007A8263 /* teamslaay.png in Resources */,
				8A4F19721AB2163B00AF2A31 /* icon_80x80.png in Resources */,
				8A113E691AAE0D6B007A8263 /* photo.png in Resources */,
				8AF007411AAB6EF2000568E4 /* Main.storyboard in Resources */,
				8A4F19711AB2163B00AF2A31 /* icon_58x58.png in Resources */,
				8A53B62C1AAF5892001B6A4D /* profile.png in Resources */,
				8A113E631AAE0D6B007A8263 /* nav_bg.png in Resources */,
				8A53B62E1AAF58A3001B6A4D /* Albums.png in Resources */,
				8A26CB5D1ACE6B260036B4A4 /* artists@2x.png in Resources */,
				8AF0076C1AAB7025000568E4 /* sample.jpg in Resources */,
				8A4F19651AB2136C00AF2A31 /* 01.jpg in Resources */,
			);
			runOnlyForDeploymentPostprocessing = 0;
		};
		8AF007491AAB6EF2000568E4 /* Resources */ = {
			isa = PBXResourcesBuildPhase;
			buildActionMask = 2147483647;
			files = (
				8AF007571AAB6EF2000568E4 /* InfoPlist.strings in Resources */,
			);
			runOnlyForDeploymentPostprocessing = 0;
		};
/* End PBXResourcesBuildPhase section */

/* Begin PBXSourcesBuildPhase section */
		8AF007261AAB6EF2000568E4 /* Sources */ = {
			isa = PBXSourcesBuildPhase;
			buildActionMask = 2147483647;
			files = (
				8AF0073A1AAB6EF2000568E4 /* main.m in Sources */,
				8A38B8591ABE9A5500F71D7E /* AMTumblrHud.m in Sources */,
				8A50A2331ACE6D1A00714D2F /* faAboutTeamSlaay.m in Sources */,
				8A9E77891ABF1BB4004CD634 /* UIButton+AFNetworking.m in Sources */,
				8A53B6351AAF5F1A001B6A4D /* faProfileViewController.m in Sources */,
				8A9E778D1ABF1BB4004CD634 /* UIWebView+AFNetworking.m in Sources */,
				8A50A24C1ACE6FE400714D2F /* faSharedGlobals.m in Sources */,
				8A9E778B1ABF1BB4004CD634 /* UIProgressView+AFNetworking.m in Sources */,
				8A9E776D1ABF1B96004CD634 /* AFHTTPSessionManager.m in Sources */,
				8A5033D81AB34DB90009229A /* faFbPhotos.m in Sources */,
				8AF2932E1AC9B8B600E55584 /* faAboutApp.m in Sources */,
				8A9E778A1ABF1BB4004CD634 /* UIImageView+AFNetworking.m in Sources */,
				8A9E776E1ABF1B96004CD634 /* AFNetworkReachabilityManager.m in Sources */,
				8A9E776B1ABF1B96004CD634 /* AFHTTPRequestOperation.m in Sources */,
				8A9E77711ABF1B96004CD634 /* AFURLRequestSerialization.m in Sources */,
				8A9E77701ABF1B96004CD634 /* AFURLConnectionOperation.m in Sources */,
				8A9E77731ABF1B96004CD634 /* AFURLSessionManager.m in Sources */,
				8A113E751AAE0DE4007A8263 /* MainViewController.m in Sources */,
				8A5A4EB41AC0818A0011DC8E /* faAlbumPhotoListViewController.m in Sources */,
				8AF0073E1AAB6EF2000568E4 /* faAppDelegate.m in Sources */,
				8A9E77871ABF1BB4004CD634 /* UIActivityIndicatorView+AFNetworking.m in Sources */,
				8A113E771AAE0DE4007A8263 /* MapViewController.m in Sources */,
				8A4F982F1ABD6FC10095415C /* faAlbumCell.m in Sources */,
				8A5D1A441AB0BB100092E60D /* FXBlurView.m in Sources */,
				8A113E761AAE0DE4007A8263 /* SidebarViewController.m in Sources */,
				8A113E4A1AAE0D4A007A8263 /* SWRevealViewController.m in Sources */,
				8A113E781AAE0DE4007A8263 /* PhotoViewController.m in Sources */,
				8AF007681AAB6F73000568E4 /* ImageFiltersViewController.m in Sources */,
				8A9E776F1ABF1B96004CD634 /* AFSecurityPolicy.m in Sources */,
				8A9E778C1ABF1BB4004CD634 /* UIRefreshControl+AFNetworking.m in Sources */,
				8A9E77881ABF1BB4004CD634 /* UIAlertView+AFNetworking.m in Sources */,
				8A5D1A3B1AB0AC1D0092E60D /* HFViewController.m in Sources */,
				8A9E776C1ABF1B96004CD634 /* AFHTTPRequestOperationManager.m in Sources */,
				8AF007441AAB6EF2000568E4 /* faViewController.m in Sources */,
				8A9E77721ABF1B96004CD634 /* AFURLResponseSerialization.m in Sources */,
				8A9E77861ABF1BB4004CD634 /* AFNetworkActivityIndicatorManager.m in Sources */,
			);
			runOnlyForDeploymentPostprocessing = 0;
		};
		8AF007471AAB6EF2000568E4 /* Sources */ = {
			isa = PBXSourcesBuildPhase;
			buildActionMask = 2147483647;
			files = (
				8AF007591AAB6EF2000568E4 /* FliterAppTests.m in Sources */,
			);
			runOnlyForDeploymentPostprocessing = 0;
		};
/* End PBXSourcesBuildPhase section */

/* Begin PBXTargetDependency section */
		8AF007511AAB6EF2000568E4 /* PBXTargetDependency */ = {
			isa = PBXTargetDependency;
			target = 8AF007291AAB6EF2000568E4 /* FliterApp */;
			targetProxy = 8AF007501AAB6EF2000568E4 /* PBXContainerItemProxy */;
		};
/* End PBXTargetDependency section */

/* Begin PBXVariantGroup section */
		8AF007361AAB6EF2000568E4 /* InfoPlist.strings */ = {
			isa = PBXVariantGroup;
			children = (
				8AF007371AAB6EF2000568E4 /* en */,
			);
			name = InfoPlist.strings;
			sourceTree = "<group>";
		};
		8AF0073F1AAB6EF2000568E4 /* Main.storyboard */ = {
			isa = PBXVariantGroup;
			children = (
				8AF007401AAB6EF2000568E4 /* Base */,
			);
			name = Main.storyboard;
			sourceTree = "<group>";
		};
		8AF007551AAB6EF2000568E4 /* InfoPlist.strings */ = {
			isa = PBXVariantGroup;
			children = (
				8AF007561AAB6EF2000568E4 /* en */,
			);
			name = InfoPlist.strings;
			sourceTree = "<group>";
		};
/* End PBXVariantGroup section */

/* Begin XCBuildConfiguration section */
		8AF0075A1AAB6EF2000568E4 /* Debug */ = {
			isa = XCBuildConfiguration;
			buildSettings = {
				ALWAYS_SEARCH_USER_PATHS = NO;
				CLANG_CXX_LANGUAGE_STANDARD = "gnu++0x";
				CLANG_CXX_LIBRARY = "libc++";
				CLANG_ENABLE_MODULES = YES;
				CLANG_ENABLE_OBJC_ARC = YES;
				CLANG_WARN_BOOL_CONVERSION = YES;
				CLANG_WARN_CONSTANT_CONVERSION = YES;
				CLANG_WARN_DIRECT_OBJC_ISA_USAGE = YES_ERROR;
				CLANG_WARN_EMPTY_BODY = YES;
				CLANG_WARN_ENUM_CONVERSION = YES;
				CLANG_WARN_INT_CONVERSION = YES;
				CLANG_WARN_OBJC_ROOT_CLASS = YES_ERROR;
				CLANG_WARN__DUPLICATE_METHOD_MATCH = YES;
				"CODE_SIGN_IDENTITY[sdk=iphoneos*]" = "iPhone Developer";
				COPY_PHASE_STRIP = NO;
				GCC_C_LANGUAGE_STANDARD = gnu99;
				GCC_DYNAMIC_NO_PIC = NO;
				GCC_OPTIMIZATION_LEVEL = 0;
				GCC_PREPROCESSOR_DEFINITIONS = (
					"DEBUG=1",
					"$(inherited)",
				);
				GCC_SYMBOLS_PRIVATE_EXTERN = NO;
				GCC_WARN_64_TO_32_BIT_CONVERSION = YES;
				GCC_WARN_ABOUT_RETURN_TYPE = YES_ERROR;
				GCC_WARN_UNDECLARED_SELECTOR = YES;
				GCC_WARN_UNINITIALIZED_AUTOS = YES_AGGRESSIVE;
				GCC_WARN_UNUSED_FUNCTION = YES;
				GCC_WARN_UNUSED_VARIABLE = YES;
				IPHONEOS_DEPLOYMENT_TARGET = 7.1;
				ONLY_ACTIVE_ARCH = YES;
				SDKROOT = iphoneos;
			};
			name = Debug;
		};
		8AF0075B1AAB6EF2000568E4 /* Release */ = {
			isa = XCBuildConfiguration;
			buildSettings = {
				ALWAYS_SEARCH_USER_PATHS = NO;
				CLANG_CXX_LANGUAGE_STANDARD = "gnu++0x";
				CLANG_CXX_LIBRARY = "libc++";
				CLANG_ENABLE_MODULES = YES;
				CLANG_ENABLE_OBJC_ARC = YES;
				CLANG_WARN_BOOL_CONVERSION = YES;
				CLANG_WARN_CONSTANT_CONVERSION = YES;
				CLANG_WARN_DIRECT_OBJC_ISA_USAGE = YES_ERROR;
				CLANG_WARN_EMPTY_BODY = YES;
				CLANG_WARN_ENUM_CONVERSION = YES;
				CLANG_WARN_INT_CONVERSION = YES;
				CLANG_WARN_OBJC_ROOT_CLASS = YES_ERROR;
				CLANG_WARN__DUPLICATE_METHOD_MATCH = YES;
				"CODE_SIGN_IDENTITY[sdk=iphoneos*]" = "iPhone Developer";
				COPY_PHASE_STRIP = YES;
				ENABLE_NS_ASSERTIONS = NO;
				GCC_C_LANGUAGE_STANDARD = gnu99;
				GCC_WARN_64_TO_32_BIT_CONVERSION = YES;
				GCC_WARN_ABOUT_RETURN_TYPE = YES_ERROR;
				GCC_WARN_UNDECLARED_SELECTOR = YES;
				GCC_WARN_UNINITIALIZED_AUTOS = YES_AGGRESSIVE;
				GCC_WARN_UNUSED_FUNCTION = YES;
				GCC_WARN_UNUSED_VARIABLE = YES;
				IPHONEOS_DEPLOYMENT_TARGET = 7.1;
				SDKROOT = iphoneos;
				VALIDATE_PRODUCT = YES;
			};
			name = Release;
		};
		8AF0075D1AAB6EF2000568E4 /* Debug */ = {
			isa = XCBuildConfiguration;
			buildSettings = {
				ASSETCATALOG_COMPILER_LAUNCHIMAGE_NAME = LaunchImage;
				FRAMEWORK_SEARCH_PATHS = (
					"$(inherited)",
					/Users/presley/Documents/FacebookSDK,
				);
				GCC_PRECOMPILE_PREFIX_HEADER = YES;
				GCC_PREFIX_HEADER = "FliterApp/FliterApp-Prefix.pch";
				INFOPLIST_FILE = "FliterApp/FliterApp-Info.plist";
				PRODUCT_NAME = "$(TARGET_NAME)";
				WRAPPER_EXTENSION = app;
			};
			name = Debug;
		};
		8AF0075E1AAB6EF2000568E4 /* Release */ = {
			isa = XCBuildConfiguration;
			buildSettings = {
				ASSETCATALOG_COMPILER_LAUNCHIMAGE_NAME = LaunchImage;
				FRAMEWORK_SEARCH_PATHS = (
					"$(inherited)",
					/Users/presley/Documents/FacebookSDK,
				);
				GCC_PRECOMPILE_PREFIX_HEADER = YES;
				GCC_PREFIX_HEADER = "FliterApp/FliterApp-Prefix.pch";
				INFOPLIST_FILE = "FliterApp/FliterApp-Info.plist";
				PRODUCT_NAME = "$(TARGET_NAME)";
				WRAPPER_EXTENSION = app;
			};
			name = Release;
		};
		8AF007601AAB6EF2000568E4 /* Debug */ = {
			isa = XCBuildConfiguration;
			buildSettings = {
				BUNDLE_LOADER = "$(BUILT_PRODUCTS_DIR)/FliterApp.app/FliterApp";
				FRAMEWORK_SEARCH_PATHS = (
					"$(SDKROOT)/Developer/Library/Frameworks",
					"$(inherited)",
					"$(DEVELOPER_FRAMEWORKS_DIR)",
				);
				GCC_PRECOMPILE_PREFIX_HEADER = YES;
				GCC_PREFIX_HEADER = "FliterApp/FliterApp-Prefix.pch";
				GCC_PREPROCESSOR_DEFINITIONS = (
					"DEBUG=1",
					"$(inherited)",
				);
				INFOPLIST_FILE = "FliterAppTests/FliterAppTests-Info.plist";
				PRODUCT_NAME = "$(TARGET_NAME)";
				TEST_HOST = "$(BUNDLE_LOADER)";
				WRAPPER_EXTENSION = xctest;
			};
			name = Debug;
		};
		8AF007611AAB6EF2000568E4 /* Release */ = {
			isa = XCBuildConfiguration;
			buildSettings = {
				BUNDLE_LOADER = "$(BUILT_PRODUCTS_DIR)/FliterApp.app/FliterApp";
				FRAMEWORK_SEARCH_PATHS = (
					"$(SDKROOT)/Developer/Library/Frameworks",
					"$(inherited)",
					"$(DEVELOPER_FRAMEWORKS_DIR)",
				);
				GCC_PRECOMPILE_PREFIX_HEADER = YES;
				GCC_PREFIX_HEADER = "FliterApp/FliterApp-Prefix.pch";
				INFOPLIST_FILE = "FliterAppTests/FliterAppTests-Info.plist";
				PRODUCT_NAME = "$(TARGET_NAME)";
				TEST_HOST = "$(BUNDLE_LOADER)";
				WRAPPER_EXTENSION = xctest;
			};
			name = Release;
		};
/* End XCBuildConfiguration section */

/* Begin XCConfigurationList section */
		8AF007251AAB6EF2000568E4 /* Build configuration list for PBXProject "FliterApp" */ = {
			isa = XCConfigurationList;
			buildConfigurations = (
				8AF0075A1AAB6EF2000568E4 /* Debug */,
				8AF0075B1AAB6EF2000568E4 /* Release */,
			);
			defaultConfigurationIsVisible = 0;
			defaultConfigurationName = Release;
		};
		8AF0075C1AAB6EF2000568E4 /* Build configuration list for PBXNativeTarget "FliterApp" */ = {
			isa = XCConfigurationList;
			buildConfigurations = (
				8AF0075D1AAB6EF2000568E4 /* Debug */,
				8AF0075E1AAB6EF2000568E4 /* Release */,
			);
			defaultConfigurationIsVisible = 0;
			defaultConfigurationName = Release;
		};
		8AF0075F1AAB6EF2000568E4 /* Build configuration list for PBXNativeTarget "FliterAppTests" */ = {
			isa = XCConfigurationList;
			buildConfigurations = (
				8AF007601AAB6EF2000568E4 /* Debug */,
				8AF007611AAB6EF2000568E4 /* Release */,
			);
			defaultConfigurationIsVisible = 0;
			defaultConfigurationName = Release;
		};
/* End XCConfigurationList section */
	};
	rootObject = 8AF007221AAB6EF2000568E4 /* Project object */;
}
